// !$*UTF8*$!
{
	archiveVersion = 1;
	classes = {
	};
	objectVersion = 46;
	objects = {

/* Begin PBXBuildFile section */
		364AB0572A83CF4200BAA32D /* BbdRCTNetworkPlugins.mm in Sources */ = {isa = PBXBuildFile; fileRef = 364AB0462A83CF2E00BAA32D /* BbdRCTNetworkPlugins.mm */; };
		364AB0582A83CF4200BAA32D /* BbdRCTNetworkTask.mm in Sources */ = {isa = PBXBuildFile; fileRef = 364AB0472A83CF2E00BAA32D /* BbdRCTNetworkTask.mm */; };
		364AB0592A83CF4200BAA32D /* BbdRCTBlobManager.mm in Sources */ = {isa = PBXBuildFile; fileRef = 364AB0482A83CF2E00BAA32D /* BbdRCTBlobManager.mm */; };
		364AB05A2A83CF4200BAA32D /* BbdRCTNetInfo.m in Sources */ = {isa = PBXBuildFile; fileRef = 364AB04A2A83CF2E00BAA32D /* BbdRCTNetInfo.m */; };
		364AB05B2A83CF4200BAA32D /* BbdRCTFileReaderModule.mm in Sources */ = {isa = PBXBuildFile; fileRef = 364AB04B2A83CF2E00BAA32D /* BbdRCTFileReaderModule.mm */; };
		364AB05C2A83CF4200BAA32D /* BbdRCTNetworking.mm in Sources */ = {isa = PBXBuildFile; fileRef = 364AB04E2A83CF2E00BAA32D /* BbdRCTNetworking.mm */; };
		364AB05D2A83CF4200BAA32D /* BbdRCTBlobCollector.mm in Sources */ = {isa = PBXBuildFile; fileRef = 364AB04F2A83CF2E00BAA32D /* BbdRCTBlobCollector.mm */; };
		364AB05E2A83CF4200BAA32D /* BbdRCTDataRequestHandler.mm in Sources */ = {isa = PBXBuildFile; fileRef = 364AB0532A83CF2E00BAA32D /* BbdRCTDataRequestHandler.mm */; };
		364AB05F2A83CF4200BAA32D /* BbdRCTBlobPlugins.mm in Sources */ = {isa = PBXBuildFile; fileRef = 364AB0542A83CF2E00BAA32D /* BbdRCTBlobPlugins.mm */; };
		364AB0602A83CF4200BAA32D /* BbdRNWebSocket.mm in Sources */ = {isa = PBXBuildFile; fileRef = 364AB0562A83CF2E00BAA32D /* BbdRNWebSocket.mm */; };
/* End PBXBuildFile section */

/* Begin PBXCopyFilesBuildPhase section */
		58B511D91A9E6C8500147676 /* CopyFiles */ = {
			isa = PBXCopyFilesBuildPhase;
			buildActionMask = 2147483647;
			dstPath = "include/$(PRODUCT_NAME)";
			dstSubfolderSpec = 16;
			files = (
			);
			runOnlyForDeploymentPostprocessing = 0;
		};
/* End PBXCopyFilesBuildPhase section */

/* Begin PBXFileReference section */
		134814201AA4EA6300B7C361 /* libBbdRNWebSocket.a */ = {isa = PBXFileReference; explicitFileType = archive.ar; includeInIndex = 0; path = libBbdRNWebSocket.a; sourceTree = BUILT_PRODUCTS_DIR; };
		364AB0432A83CF2E00BAA32D /* BbdRNWebSocket.h */ = {isa = PBXFileReference; lastKnownFileType = sourcecode.c.h; path = BbdRNWebSocket.h; sourceTree = "<group>"; };
		364AB0442A83CF2E00BAA32D /* BbdRCTBlobPlugins.h */ = {isa = PBXFileReference; lastKnownFileType = sourcecode.c.h; path = BbdRCTBlobPlugins.h; sourceTree = "<group>"; };
		364AB0452A83CF2E00BAA32D /* BbdRCTDataRequestHandler.h */ = {isa = PBXFileReference; lastKnownFileType = sourcecode.c.h; path = BbdRCTDataRequestHandler.h; sourceTree = "<group>"; };
		364AB0462A83CF2E00BAA32D /* BbdRCTNetworkPlugins.mm */ = {isa = PBXFileReference; lastKnownFileType = sourcecode.cpp.objcpp; path = BbdRCTNetworkPlugins.mm; sourceTree = "<group>"; };
		364AB0472A83CF2E00BAA32D /* BbdRCTNetworkTask.mm */ = {isa = PBXFileReference; lastKnownFileType = sourcecode.cpp.objcpp; path = BbdRCTNetworkTask.mm; sourceTree = "<group>"; };
		364AB0482A83CF2E00BAA32D /* BbdRCTBlobManager.mm */ = {isa = PBXFileReference; lastKnownFileType = sourcecode.cpp.objcpp; path = BbdRCTBlobManager.mm; sourceTree = "<group>"; };
		364AB0492A83CF2E00BAA32D /* BbdRCTFileReaderModule.h */ = {isa = PBXFileReference; lastKnownFileType = sourcecode.c.h; path = BbdRCTFileReaderModule.h; sourceTree = "<group>"; };
		364AB04A2A83CF2E00BAA32D /* BbdRCTNetInfo.m */ = {isa = PBXFileReference; lastKnownFileType = sourcecode.c.objc; path = BbdRCTNetInfo.m; sourceTree = "<group>"; };
		364AB04B2A83CF2E00BAA32D /* BbdRCTFileReaderModule.mm */ = {isa = PBXFileReference; lastKnownFileType = sourcecode.cpp.objcpp; path = BbdRCTFileReaderModule.mm; sourceTree = "<group>"; };
		364AB04C2A83CF2E00BAA32D /* BbdRCTBlobCollector.h */ = {isa = PBXFileReference; lastKnownFileType = sourcecode.c.h; path = BbdRCTBlobCollector.h; sourceTree = "<group>"; };
		364AB04D2A83CF2E00BAA32D /* BbdRCTNetworking.h */ = {isa = PBXFileReference; lastKnownFileType = sourcecode.c.h; path = BbdRCTNetworking.h; sourceTree = "<group>"; };
		364AB04E2A83CF2E00BAA32D /* BbdRCTNetworking.mm */ = {isa = PBXFileReference; lastKnownFileType = sourcecode.cpp.objcpp; path = BbdRCTNetworking.mm; sourceTree = "<group>"; };
		364AB04F2A83CF2E00BAA32D /* BbdRCTBlobCollector.mm */ = {isa = PBXFileReference; lastKnownFileType = sourcecode.cpp.objcpp; path = BbdRCTBlobCollector.mm; sourceTree = "<group>"; };
		364AB0502A83CF2E00BAA32D /* BbdRCTBlobManager.h */ = {isa = PBXFileReference; lastKnownFileType = sourcecode.c.h; path = BbdRCTBlobManager.h; sourceTree = "<group>"; };
		364AB0512A83CF2E00BAA32D /* BbdRCTNetworkTask.h */ = {isa = PBXFileReference; lastKnownFileType = sourcecode.c.h; path = BbdRCTNetworkTask.h; sourceTree = "<group>"; };
		364AB0522A83CF2E00BAA32D /* BbdRCTNetInfo.h */ = {isa = PBXFileReference; lastKnownFileType = sourcecode.c.h; path = BbdRCTNetInfo.h; sourceTree = "<group>"; };
		364AB0532A83CF2E00BAA32D /* BbdRCTDataRequestHandler.mm */ = {isa = PBXFileReference; lastKnownFileType = sourcecode.cpp.objcpp; path = BbdRCTDataRequestHandler.mm; sourceTree = "<group>"; };
		364AB0542A83CF2E00BAA32D /* BbdRCTBlobPlugins.mm */ = {isa = PBXFileReference; lastKnownFileType = sourcecode.cpp.objcpp; path = BbdRCTBlobPlugins.mm; sourceTree = "<group>"; };
		364AB0552A83CF2E00BAA32D /* BbdRCTNetworkPlugins.h */ = {isa = PBXFileReference; lastKnownFileType = sourcecode.c.h; path = BbdRCTNetworkPlugins.h; sourceTree = "<group>"; };
		364AB0562A83CF2E00BAA32D /* BbdRNWebSocket.mm */ = {isa = PBXFileReference; lastKnownFileType = sourcecode.cpp.objcpp; path = BbdRNWebSocket.mm; sourceTree = "<group>"; };
/* End PBXFileReference section */

/* Begin PBXFrameworksBuildPhase section */
		58B511D81A9E6C8500147676 /* Frameworks */ = {
			isa = PBXFrameworksBuildPhase;
			buildActionMask = 2147483647;
			files = (
			);
			runOnlyForDeploymentPostprocessing = 0;
		};
/* End PBXFrameworksBuildPhase section */

/* Begin PBXGroup section */
		134814211AA4EA7D00B7C361 /* Products */ = {
			isa = PBXGroup;
			children = (
				134814201AA4EA6300B7C361 /* libBbdRNWebSocket.a */,
			);
			name = Products;
			sourceTree = "<group>";
		};
		364AB0422A83CF2E00BAA32D /* BbdRNWebSocket */ = {
			isa = PBXGroup;
			children = (
				364AB0432A83CF2E00BAA32D /* BbdRNWebSocket.h */,
				364AB0442A83CF2E00BAA32D /* BbdRCTBlobPlugins.h */,
				364AB0452A83CF2E00BAA32D /* BbdRCTDataRequestHandler.h */,
				364AB0462A83CF2E00BAA32D /* BbdRCTNetworkPlugins.mm */,
				364AB0472A83CF2E00BAA32D /* BbdRCTNetworkTask.mm */,
				364AB0482A83CF2E00BAA32D /* BbdRCTBlobManager.mm */,
				364AB0492A83CF2E00BAA32D /* BbdRCTFileReaderModule.h */,
				364AB04A2A83CF2E00BAA32D /* BbdRCTNetInfo.m */,
				364AB04B2A83CF2E00BAA32D /* BbdRCTFileReaderModule.mm */,
				364AB04C2A83CF2E00BAA32D /* BbdRCTBlobCollector.h */,
				364AB04D2A83CF2E00BAA32D /* BbdRCTNetworking.h */,
				364AB04E2A83CF2E00BAA32D /* BbdRCTNetworking.mm */,
				364AB04F2A83CF2E00BAA32D /* BbdRCTBlobCollector.mm */,
				364AB0502A83CF2E00BAA32D /* BbdRCTBlobManager.h */,
				364AB0512A83CF2E00BAA32D /* BbdRCTNetworkTask.h */,
				364AB0522A83CF2E00BAA32D /* BbdRCTNetInfo.h */,
				364AB0532A83CF2E00BAA32D /* BbdRCTDataRequestHandler.mm */,
				364AB0542A83CF2E00BAA32D /* BbdRCTBlobPlugins.mm */,
				364AB0552A83CF2E00BAA32D /* BbdRCTNetworkPlugins.h */,
				364AB0562A83CF2E00BAA32D /* BbdRNWebSocket.mm */,
			);
			path = BbdRNWebSocket;
			sourceTree = "<group>";
		};
		58B511D21A9E6C8500147676 = {
			isa = PBXGroup;
			children = (
				364AB0422A83CF2E00BAA32D /* BbdRNWebSocket */,
				134814211AA4EA7D00B7C361 /* Products */,
			);
			sourceTree = "<group>";
		};
/* End PBXGroup section */

/* Begin PBXNativeTarget section */
		58B511DA1A9E6C8500147676 /* BbdRNWebSocket */ = {
			isa = PBXNativeTarget;
			buildConfigurationList = 58B511EF1A9E6C8500147676 /* Build configuration list for PBXNativeTarget "BbdRNWebSocket" */;
			buildPhases = (
				58B511D71A9E6C8500147676 /* Sources */,
				58B511D81A9E6C8500147676 /* Frameworks */,
				58B511D91A9E6C8500147676 /* CopyFiles */,
			);
			buildRules = (
			);
			dependencies = (
			);
			name = BbdRNWebSocket;
			productName = RCTDataManager;
			productReference = 134814201AA4EA6300B7C361 /* libBbdRNWebSocket.a */;
			productType = "com.apple.product-type.library.static";
		};
/* End PBXNativeTarget section */

/* Begin PBXProject section */
		58B511D31A9E6C8500147676 /* Project object */ = {
			isa = PBXProject;
			attributes = {
				LastUpgradeCheck = 0830;
				ORGANIZATIONNAME = Facebook;
				TargetAttributes = {
					58B511DA1A9E6C8500147676 = {
						CreatedOnToolsVersion = 6.1.1;
					};
				};
			};
			buildConfigurationList = 58B511D61A9E6C8500147676 /* Build configuration list for PBXProject "BbdRNWebSocket" */;
			compatibilityVersion = "Xcode 3.2";
			developmentRegion = English;
			hasScannedForEncodings = 0;
			knownRegions = (
				English,
				en,
			);
			mainGroup = 58B511D21A9E6C8500147676;
			productRefGroup = 58B511D21A9E6C8500147676;
			projectDirPath = "";
			projectRoot = "";
			targets = (
				58B511DA1A9E6C8500147676 /* BbdRNWebSocket */,
			);
		};
/* End PBXProject section */

/* Begin PBXSourcesBuildPhase section */
		58B511D71A9E6C8500147676 /* Sources */ = {
			isa = PBXSourcesBuildPhase;
			buildActionMask = 2147483647;
			files = (
				364AB0572A83CF4200BAA32D /* BbdRCTNetworkPlugins.mm in Sources */,
				364AB0582A83CF4200BAA32D /* BbdRCTNetworkTask.mm in Sources */,
				364AB0592A83CF4200BAA32D /* BbdRCTBlobManager.mm in Sources */,
				364AB05A2A83CF4200BAA32D /* BbdRCTNetInfo.m in Sources */,
				364AB05B2A83CF4200BAA32D /* BbdRCTFileReaderModule.mm in Sources */,
				364AB05C2A83CF4200BAA32D /* BbdRCTNetworking.mm in Sources */,
				364AB05D2A83CF4200BAA32D /* BbdRCTBlobCollector.mm in Sources */,
				364AB05E2A83CF4200BAA32D /* BbdRCTDataRequestHandler.mm in Sources */,
				364AB05F2A83CF4200BAA32D /* BbdRCTBlobPlugins.mm in Sources */,
				364AB0602A83CF4200BAA32D /* BbdRNWebSocket.mm in Sources */,
			);
			runOnlyForDeploymentPostprocessing = 0;
		};
/* End PBXSourcesBuildPhase section */

/* Begin XCBuildConfiguration section */
		58B511ED1A9E6C8500147676 /* Debug */ = {
			isa = XCBuildConfiguration;
			buildSettings = {
				ALWAYS_SEARCH_USER_PATHS = NO;
				CLANG_CXX_LANGUAGE_STANDARD = "gnu++0x";
				CLANG_CXX_LIBRARY = "libc++";
				CLANG_ENABLE_MODULES = YES;
				CLANG_ENABLE_OBJC_ARC = YES;
				CLANG_WARN_BOOL_CONVERSION = YES;
				CLANG_WARN_CONSTANT_CONVERSION = YES;
				CLANG_WARN_DIRECT_OBJC_ISA_USAGE = YES_ERROR;
				CLANG_WARN_EMPTY_BODY = YES;
				CLANG_WARN_ENUM_CONVERSION = YES;
				CLANG_WARN_INFINITE_RECURSION = YES;
				CLANG_WARN_INT_CONVERSION = YES;
				CLANG_WARN_OBJC_ROOT_CLASS = YES_ERROR;
				CLANG_WARN_SUSPICIOUS_MOVE = YES;
				CLANG_WARN_UNREACHABLE_CODE = YES;
				CLANG_WARN__DUPLICATE_METHOD_MATCH = YES;
				COPY_PHASE_STRIP = NO;
				ENABLE_STRICT_OBJC_MSGSEND = YES;
				ENABLE_TESTABILITY = YES;
				GCC_C_LANGUAGE_STANDARD = gnu99;
				GCC_DYNAMIC_NO_PIC = NO;
				GCC_NO_COMMON_BLOCKS = YES;
				GCC_OPTIMIZATION_LEVEL = 0;
				GCC_PREPROCESSOR_DEFINITIONS = (
					"DEBUG=1",
					"$(inherited)",
				);
				GCC_SYMBOLS_PRIVATE_EXTERN = NO;
				GCC_WARN_64_TO_32_BIT_CONVERSION = YES;
				GCC_WARN_ABOUT_RETURN_TYPE = YES_ERROR;
				GCC_WARN_UNDECLARED_SELECTOR = YES;
				GCC_WARN_UNINITIALIZED_AUTOS = YES_AGGRESSIVE;
				GCC_WARN_UNUSED_FUNCTION = YES;
				GCC_WARN_UNUSED_VARIABLE = YES;
				IPHONEOS_DEPLOYMENT_TARGET = 8.0;
				MTL_ENABLE_DEBUG_INFO = YES;
				ONLY_ACTIVE_ARCH = YES;
				SDKROOT = iphoneos;
			};
			name = Debug;
		};
		58B511EE1A9E6C8500147676 /* Release */ = {
			isa = XCBuildConfiguration;
			buildSettings = {
				ALWAYS_SEARCH_USER_PATHS = NO;
				CLANG_CXX_LANGUAGE_STANDARD = "gnu++0x";
				CLANG_CXX_LIBRARY = "libc++";
				CLANG_ENABLE_MODULES = YES;
				CLANG_ENABLE_OBJC_ARC = YES;
				CLANG_WARN_BOOL_CONVERSION = YES;
				CLANG_WARN_CONSTANT_CONVERSION = YES;
				CLANG_WARN_DIRECT_OBJC_ISA_USAGE = YES_ERROR;
				CLANG_WARN_EMPTY_BODY = YES;
				CLANG_WARN_ENUM_CONVERSION = YES;
				CLANG_WARN_INFINITE_RECURSION = YES;
				CLANG_WARN_INT_CONVERSION = YES;
				CLANG_WARN_OBJC_ROOT_CLASS = YES_ERROR;
				CLANG_WARN_SUSPICIOUS_MOVE = YES;
				CLANG_WARN_UNREACHABLE_CODE = YES;
				CLANG_WARN__DUPLICATE_METHOD_MATCH = YES;
				COPY_PHASE_STRIP = YES;
				ENABLE_NS_ASSERTIONS = NO;
				ENABLE_STRICT_OBJC_MSGSEND = YES;
				GCC_C_LANGUAGE_STANDARD = gnu99;
				GCC_NO_COMMON_BLOCKS = YES;
				GCC_WARN_64_TO_32_BIT_CONVERSION = YES;
				GCC_WARN_ABOUT_RETURN_TYPE = YES_ERROR;
				GCC_WARN_UNDECLARED_SELECTOR = YES;
				GCC_WARN_UNINITIALIZED_AUTOS = YES_AGGRESSIVE;
				GCC_WARN_UNUSED_FUNCTION = YES;
				GCC_WARN_UNUSED_VARIABLE = YES;
				IPHONEOS_DEPLOYMENT_TARGET = 8.0;
				MTL_ENABLE_DEBUG_INFO = NO;
				SDKROOT = iphoneos;
				VALIDATE_PRODUCT = YES;
			};
			name = Release;
		};
		58B511F01A9E6C8500147676 /* Debug */ = {
			isa = XCBuildConfiguration;
			buildSettings = {
				HEADER_SEARCH_PATHS = (
					"$(inherited)",
					/Applications/Xcode.app/Contents/Developer/Toolchains/XcodeDefault.xctoolchain/usr/include,
					"$(SRCROOT)/../../../React/**",
					"$(SRCROOT)/../../react-native/React/**",
				);
				LIBRARY_SEARCH_PATHS = "$(inherited)";
				OTHER_LDFLAGS = "-ObjC";
				PRODUCT_NAME = BbdRNWebSocket;
				SKIP_INSTALL = YES;
			};
			name = Debug;
		};
		58B511F11A9E6C8500147676 /* Release */ = {
			isa = XCBuildConfiguration;
			buildSettings = {
				HEADER_SEARCH_PATHS = (
					"$(inherited)",
					/Applications/Xcode.app/Contents/Developer/Toolchains/XcodeDefault.xctoolchain/usr/include,
					"$(SRCROOT)/../../../React/**",
					"$(SRCROOT)/../../react-native/React/**",
				);
				LIBRARY_SEARCH_PATHS = "$(inherited)";
				OTHER_LDFLAGS = "-ObjC";
				PRODUCT_NAME = BbdRNWebSocket;
				SKIP_INSTALL = YES;
			};
			name = Release;
		};
/* End XCBuildConfiguration section */

/* Begin XCConfigurationList section */
		58B511D61A9E6C8500147676 /* Build configuration list for PBXProject "BbdRNWebSocket" */ = {
			isa = XCConfigurationList;
			buildConfigurations = (
				58B511ED1A9E6C8500147676 /* Debug */,
				58B511EE1A9E6C8500147676 /* Release */,
			);
			defaultConfigurationIsVisible = 0;
			defaultConfigurationName = Release;
		};
		58B511EF1A9E6C8500147676 /* Build configuration list for PBXNativeTarget "BbdRNWebSocket" */ = {
			isa = XCConfigurationList;
			buildConfigurations = (
				58B511F01A9E6C8500147676 /* Debug */,
				58B511F11A9E6C8500147676 /* Release */,
			);
			defaultConfigurationIsVisible = 0;
			defaultConfigurationName = Release;
		};
/* End XCConfigurationList section */
	};
	rootObject = 58B511D31A9E6C8500147676 /* Project object */;
}
